
Microsoft Visual Studio Solution File, Format Version 12.00
# Visual Studio Version 17
VisualStudioVersion = 17.4.33122.133
MinimumVisualStudioVersion = 10.0.40219.1
Project("{FAE04EC0-301F-11D3-BF4B-00C04F79EFBC}") = "Modelling_a_VM_Management_System", "Modelling_a_VM_Management_System\Modelling_a_VM_Management_System.csproj", "{CCA6C9DC-07F6-42A4-97DA-9FA38300ADC8}"
EndProject
Global
	GlobalSection(SolutionConfigurationPlatforms) = preSolution
		Debug|Any CPU = Debug|Any CPU
		Release|Any CPU = Release|Any CPU
	EndGlobalSection
	GlobalSection(ProjectConfigurationPlatforms) = postSolution
		{CCA6C9DC-07F6-42A4-97DA-9FA38300ADC8}.Debug|Any CPU.ActiveCfg = Debug|Any CPU
		{CCA6C9DC-07F6-42A4-97DA-9FA38300ADC8}.Debug|Any CPU.Build.0 = Debug|Any CPU
		{CCA6C9DC-07F6-42A4-97DA-9FA38300ADC8}.Release|Any CPU.ActiveCfg = Release|Any CPU
		{CCA6C9DC-07F6-42A4-97DA-9FA38300ADC8}.Release|Any CPU.Build.0 = Release|Any CPU
	EndGlobalSection
	GlobalSection(SolutionProperties) = preSolution
		HideSolutionNode = FALSE
	EndGlobalSection
	GlobalSection(ExtensibilityGlobals) = postSolution
		SolutionGuid = {719D4C6E-50AE-4C74-9ADD-CB85A3EFD5BB}
	EndGlobalSection
EndGlobal
